<Solution>
  <Folder Name="/src/">
    <Project Path="src/Algorithms/Algorithms.csproj" />
    <Project Path="src/Core/Core.csproj" />
    <Project Path="src/UI/UI.csproj" />
    <Project Path="src/TestConsole/TestConsole.csproj" />
  </Folder>
  <Folder Name="/tests/">
    <Project Path="tests/Tests.csproj" />
  </Folder>
</Solution>
